
Microsoft Visual Studio Solution File, Format Version 12.00
# Visual Studio Version 17
VisualStudioVersion = 17.8.34309.116
MinimumVisualStudioVersion = 10.0.40219.1
Project("{9A19103F-16F7-4668-BE54-9A1E7A4F7556}") = "SWTORCombatParser", "SWTORCombatParser.csproj", "{9C7CA08B-895D-4780-9629-D12A3B6B9BDB}"
EndProject
Project("{C7167F0D-BC9F-4E6E-AFE1-012C56B48DB5}") = "Orbs Package Builder", "Orbs Package Builder\Orbs Package Builder.wapproj", "{578C62AB-0C03-4222-BBD1-D7B093AAF493}"
EndProject
Project("{9A19103F-16F7-4668-BE54-9A1E7A4F7556}") = "SWTORCombatParser_Test", "SWTORCombatParser_Test\SWTORCombatParser_Test.csproj", "{2976769B-7C63-4F35-A8BB-E8FF86694995}"
EndProject
Global
	GlobalSection(SolutionConfigurationPlatforms) = preSolution
		Debug|Any CPU = Debug|Any CPU
		Debug|ARM = Debug|ARM
		Debug|ARM64 = Debug|ARM64
		Debug|x64 = Debug|x64
		Debug|x86 = Debug|x86
		Release|Any CPU = Release|Any CPU
		Release|ARM = Release|ARM
		Release|ARM64 = Release|ARM64
		Release|x64 = Release|x64
		Release|x86 = Release|x86
	EndGlobalSection
	GlobalSection(ProjectConfigurationPlatforms) = postSolution
		{9C7CA08B-895D-4780-9629-D12A3B6B9BDB}.Debug|Any CPU.ActiveCfg = Debug|Any CPU
		{9C7CA08B-895D-4780-9629-D12A3B6B9BDB}.Debug|Any CPU.Build.0 = Debug|Any CPU
		{9C7CA08B-895D-4780-9629-D12A3B6B9BDB}.Debug|ARM.ActiveCfg = Debug|Any CPU
		{9C7CA08B-895D-4780-9629-D12A3B6B9BDB}.Debug|ARM.Build.0 = Debug|Any CPU
		{9C7CA08B-895D-4780-9629-D12A3B6B9BDB}.Debug|ARM64.ActiveCfg = Debug|Any CPU
		{9C7CA08B-895D-4780-9629-D12A3B6B9BDB}.Debug|ARM64.Build.0 = Debug|Any CPU
		{9C7CA08B-895D-4780-9629-D12A3B6B9BDB}.Debug|x64.ActiveCfg = Debug|Any CPU
		{9C7CA08B-895D-4780-9629-D12A3B6B9BDB}.Debug|x64.Build.0 = Debug|Any CPU
		{9C7CA08B-895D-4780-9629-D12A3B6B9BDB}.Debug|x86.ActiveCfg = Debug|Any CPU
		{9C7CA08B-895D-4780-9629-D12A3B6B9BDB}.Debug|x86.Build.0 = Debug|Any CPU
		{9C7CA08B-895D-4780-9629-D12A3B6B9BDB}.Release|Any CPU.ActiveCfg = Release|x64
		{9C7CA08B-895D-4780-9629-D12A3B6B9BDB}.Release|Any CPU.Build.0 = Release|x64
		{9C7CA08B-895D-4780-9629-D12A3B6B9BDB}.Release|ARM.ActiveCfg = Release|Any CPU
		{9C7CA08B-895D-4780-9629-D12A3B6B9BDB}.Release|ARM.Build.0 = Release|Any CPU
		{9C7CA08B-895D-4780-9629-D12A3B6B9BDB}.Release|ARM64.ActiveCfg = Release|Any CPU
		{9C7CA08B-895D-4780-9629-D12A3B6B9BDB}.Release|ARM64.Build.0 = Release|Any CPU
		{9C7CA08B-895D-4780-9629-D12A3B6B9BDB}.Release|x64.ActiveCfg = Release|Any CPU
		{9C7CA08B-895D-4780-9629-D12A3B6B9BDB}.Release|x64.Build.0 = Release|Any CPU
		{9C7CA08B-895D-4780-9629-D12A3B6B9BDB}.Release|x86.ActiveCfg = Release|Any CPU
		{9C7CA08B-895D-4780-9629-D12A3B6B9BDB}.Release|x86.Build.0 = Release|Any CPU
		{578C62AB-0C03-4222-BBD1-D7B093AAF493}.Debug|Any CPU.ActiveCfg = Release|Any CPU
		{578C62AB-0C03-4222-BBD1-D7B093AAF493}.Debug|Any CPU.Build.0 = Release|Any CPU
		{578C62AB-0C03-4222-BBD1-D7B093AAF493}.Debug|Any CPU.Deploy.0 = Release|Any CPU
		{578C62AB-0C03-4222-BBD1-D7B093AAF493}.Debug|ARM.ActiveCfg = Debug|ARM
		{578C62AB-0C03-4222-BBD1-D7B093AAF493}.Debug|ARM.Build.0 = Debug|ARM
		{578C62AB-0C03-4222-BBD1-D7B093AAF493}.Debug|ARM.Deploy.0 = Debug|ARM
		{578C62AB-0C03-4222-BBD1-D7B093AAF493}.Debug|ARM64.ActiveCfg = Debug|ARM64
		{578C62AB-0C03-4222-BBD1-D7B093AAF493}.Debug|ARM64.Build.0 = Debug|ARM64
		{578C62AB-0C03-4222-BBD1-D7B093AAF493}.Debug|ARM64.Deploy.0 = Debug|ARM64
		{578C62AB-0C03-4222-BBD1-D7B093AAF493}.Debug|x64.ActiveCfg = Release|x64
		{578C62AB-0C03-4222-BBD1-D7B093AAF493}.Debug|x64.Build.0 = Release|x64
		{578C62AB-0C03-4222-BBD1-D7B093AAF493}.Debug|x64.Deploy.0 = Release|x64
		{578C62AB-0C03-4222-BBD1-D7B093AAF493}.Debug|x86.ActiveCfg = Debug|x86
		{578C62AB-0C03-4222-BBD1-D7B093AAF493}.Debug|x86.Build.0 = Debug|x86
		{578C62AB-0C03-4222-BBD1-D7B093AAF493}.Debug|x86.Deploy.0 = Debug|x86
		{578C62AB-0C03-4222-BBD1-D7B093AAF493}.Release|Any CPU.ActiveCfg = Release|Any CPU
		{578C62AB-0C03-4222-BBD1-D7B093AAF493}.Release|Any CPU.Build.0 = Release|Any CPU
		{578C62AB-0C03-4222-BBD1-D7B093AAF493}.Release|Any CPU.Deploy.0 = Release|Any CPU
		{578C62AB-0C03-4222-BBD1-D7B093AAF493}.Release|ARM.ActiveCfg = Release|ARM
		{578C62AB-0C03-4222-BBD1-D7B093AAF493}.Release|ARM.Build.0 = Release|ARM
		{578C62AB-0C03-4222-BBD1-D7B093AAF493}.Release|ARM.Deploy.0 = Release|ARM
		{578C62AB-0C03-4222-BBD1-D7B093AAF493}.Release|ARM64.ActiveCfg = Release|ARM64
		{578C62AB-0C03-4222-BBD1-D7B093AAF493}.Release|ARM64.Build.0 = Release|ARM64
		{578C62AB-0C03-4222-BBD1-D7B093AAF493}.Release|ARM64.Deploy.0 = Release|ARM64
		{578C62AB-0C03-4222-BBD1-D7B093AAF493}.Release|x64.ActiveCfg = Release|x64
		{578C62AB-0C03-4222-BBD1-D7B093AAF493}.Release|x64.Build.0 = Release|x64
		{578C62AB-0C03-4222-BBD1-D7B093AAF493}.Release|x64.Deploy.0 = Release|x64
		{578C62AB-0C03-4222-BBD1-D7B093AAF493}.Release|x86.ActiveCfg = Release|x86
		{578C62AB-0C03-4222-BBD1-D7B093AAF493}.Release|x86.Build.0 = Release|x86
		{578C62AB-0C03-4222-BBD1-D7B093AAF493}.Release|x86.Deploy.0 = Release|x86
		{2976769B-7C63-4F35-A8BB-E8FF86694995}.Debug|Any CPU.ActiveCfg = Debug|Any CPU
		{2976769B-7C63-4F35-A8BB-E8FF86694995}.Debug|Any CPU.Build.0 = Debug|Any CPU
		{2976769B-7C63-4F35-A8BB-E8FF86694995}.Debug|ARM.ActiveCfg = Debug|Any CPU
		{2976769B-7C63-4F35-A8BB-E8FF86694995}.Debug|ARM.Build.0 = Debug|Any CPU
		{2976769B-7C63-4F35-A8BB-E8FF86694995}.Debug|ARM64.ActiveCfg = Debug|Any CPU
		{2976769B-7C63-4F35-A8BB-E8FF86694995}.Debug|ARM64.Build.0 = Debug|Any CPU
		{2976769B-7C63-4F35-A8BB-E8FF86694995}.Debug|x64.ActiveCfg = Debug|Any CPU
		{2976769B-7C63-4F35-A8BB-E8FF86694995}.Debug|x64.Build.0 = Debug|Any CPU
		{2976769B-7C63-4F35-A8BB-E8FF86694995}.Debug|x86.ActiveCfg = Debug|Any CPU
		{2976769B-7C63-4F35-A8BB-E8FF86694995}.Debug|x86.Build.0 = Debug|Any CPU
		{2976769B-7C63-4F35-A8BB-E8FF86694995}.Release|Any CPU.ActiveCfg = Release|Any CPU
		{2976769B-7C63-4F35-A8BB-E8FF86694995}.Release|Any CPU.Build.0 = Release|Any CPU
		{2976769B-7C63-4F35-A8BB-E8FF86694995}.Release|ARM.ActiveCfg = Release|Any CPU
		{2976769B-7C63-4F35-A8BB-E8FF86694995}.Release|ARM.Build.0 = Release|Any CPU
		{2976769B-7C63-4F35-A8BB-E8FF86694995}.Release|ARM64.ActiveCfg = Release|Any CPU
		{2976769B-7C63-4F35-A8BB-E8FF86694995}.Release|ARM64.Build.0 = Release|Any CPU
		{2976769B-7C63-4F35-A8BB-E8FF86694995}.Release|x64.ActiveCfg = Release|Any CPU
		{2976769B-7C63-4F35-A8BB-E8FF86694995}.Release|x64.Build.0 = Release|Any CPU
		{2976769B-7C63-4F35-A8BB-E8FF86694995}.Release|x86.ActiveCfg = Release|Any CPU
		{2976769B-7C63-4F35-A8BB-E8FF86694995}.Release|x86.Build.0 = Release|Any CPU
	EndGlobalSection
	GlobalSection(SolutionProperties) = preSolution
		HideSolutionNode = FALSE
	EndGlobalSection
	GlobalSection(ExtensibilityGlobals) = postSolution
		SolutionGuid = {AF8FBC4B-FCCC-45E7-84BE-3EFEE237CB27}
	EndGlobalSection
EndGlobal
